Microsoft Visual Studio Solution File, Format Version 12.00
# Visual Studio 2012
Project("{FAE04EC0-301F-11D3-BF4B-00C04F79EFBC}") = "Sounder Sim", "Sounder Sim.csproj", "{FA786831-9765-4C32-B7D5-FA78D1E6D21C}"
EndProject
Global
	GlobalSection(SolutionConfigurationPlatforms) = preSolution
	Debug|Any CPU = Debug|Any CPU
	ExportDebug|Any CPU = ExportDebug|Any CPU
	ExportRelease|Any CPU = ExportRelease|Any CPU
	EndGlobalSection
	GlobalSection(ProjectConfigurationPlatforms) = postSolution
		{FA786831-9765-4C32-B7D5-FA78D1E6D21C}.Debug|Any CPU.ActiveCfg = Debug|Any CPU
		{FA786831-9765-4C32-B7D5-FA78D1E6D21C}.Debug|Any CPU.Build.0 = Debug|Any CPU
		{FA786831-9765-4C32-B7D5-FA78D1E6D21C}.ExportDebug|Any CPU.ActiveCfg = ExportDebug|Any CPU
		{FA786831-9765-4C32-B7D5-FA78D1E6D21C}.ExportDebug|Any CPU.Build.0 = ExportDebug|Any CPU
		{FA786831-9765-4C32-B7D5-FA78D1E6D21C}.ExportRelease|Any CPU.ActiveCfg = ExportRelease|Any CPU
		{FA786831-9765-4C32-B7D5-FA78D1E6D21C}.ExportRelease|Any CPU.Build.0 = ExportRelease|Any CPU
	EndGlobalSection
EndGlobal
